github.com/pinpoint-apm/go-aop-agent v1.0.4 h1:NO/W6MlkZCSenfyUU0HKc9Mu8kxdb2sMM06AgQbF91s=
github.com/pinpoint-apm/go-aop-agent v1.0.4/go.mod h1:oMQa5QELuu5W5CoR6TCQD1yNJ8XomTIWCuRclTBkjSc=
github.com/pinpoint-apm/go-aop-agent v1.0.5-0.20220524034046-7ec69b52de75 h1:quCHJsKaSZT0tBmMC1XyctftU2eBzxfe2yWuh8y+H74=
github.com/pinpoint-apm/go-aop-agent v1.0.5-0.20220524034046-7ec69b52de75/go.mod h1:oMQa5QELuu5W5CoR6TCQD1yNJ8XomTIWCuRclTBkjSc=
